// !$*UTF8*$!
{
	archiveVersion = 1;
	classes = {
	};
	objectVersion = 55;
	objects = {

/* Begin PBXBuildFile section */
		A403D57A281BFF7F00BF2F9C /* AppDelegate.m in Sources */ = {isa = PBXBuildFile; fileRef = A403D579281BFF7F00BF2F9C /* AppDelegate.m */; };
		A403D57D281BFF7F00BF2F9C /* SceneDelegate.m in Sources */ = {isa = PBXBuildFile; fileRef = A403D57C281BFF7F00BF2F9C /* SceneDelegate.m */; };
		A403D580281BFF7F00BF2F9C /* ViewController.m in Sources */ = {isa = PBXBuildFile; fileRef = A403D57F281BFF7F00BF2F9C /* ViewController.m */; };
		A403D583281BFF7F00BF2F9C /* Main.storyboard in Resources */ = {isa = PBXBuildFile; fileRef = A403D581281BFF7F00BF2F9C /* Main.storyboard */; };
		A403D586281BFF7F00BF2F9C /* xibdemo.xcdatamodeld in Sources */ = {isa = PBXBuildFile; fileRef = A403D584281BFF7F00BF2F9C /* xibdemo.xcdatamodeld */; };
		A403D588281BFF8000BF2F9C /* Assets.xcassets in Resources */ = {isa = PBXBuildFile; fileRef = A403D587281BFF8000BF2F9C /* Assets.xcassets */; };
		A403D58B281BFF8000BF2F9C /* LaunchScreen.storyboard in Resources */ = {isa = PBXBuildFile; fileRef = A403D589281BFF8000BF2F9C /* LaunchScreen.storyboard */; };
		A403D58E281BFF8000BF2F9C /* main.m in Sources */ = {isa = PBXBuildFile; fileRef = A403D58D281BFF8000BF2F9C /* main.m */; };
		A403D598281BFF8000BF2F9C /* xibdemoTests.m in Sources */ = {isa = PBXBuildFile; fileRef = A403D597281BFF8000BF2F9C /* xibdemoTests.m */; };
		A403D5A2281BFF8000BF2F9C /* xibdemoUITests.m in Sources */ = {isa = PBXBuildFile; fileRef = A403D5A1281BFF8000BF2F9C /* xibdemoUITests.m */; };
		A403D5A4281BFF8000BF2F9C /* xibdemoUITestsLaunchTests.m in Sources */ = {isa = PBXBuildFile; fileRef = A403D5A3281BFF8000BF2F9C /* xibdemoUITestsLaunchTests.m */; };
		A403D5B1281C062600BF2F9C /* TestVc1.xib in Resources */ = {isa = PBXBuildFile; fileRef = A403D5B0281C062600BF2F9C /* TestVc1.xib */; };
		A403D5B4281C063800BF2F9C /* TestVc1.m in Sources */ = {isa = PBXBuildFile; fileRef = A403D5B3281C063800BF2F9C /* TestVc1.m */; };
		A403D5B7281C0C6E00BF2F9C /* TestVc2.m in Sources */ = {isa = PBXBuildFile; fileRef = A403D5B6281C0C6E00BF2F9C /* TestVc2.m */; };
		A403D5BA281C0FB500BF2F9C /* TestVc3.m in Sources */ = {isa = PBXBuildFile; fileRef = A403D5B9281C0FB500BF2F9C /* TestVc3.m */; };
/* End PBXBuildFile section */

/* Begin PBXContainerItemProxy section */
		A403D594281BFF8000BF2F9C /* PBXContainerItemProxy */ = {
			isa = PBXContainerItemProxy;
			containerPortal = A403D56D281BFF7F00BF2F9C /* Project object */;
			proxyType = 1;
			remoteGlobalIDString = A403D574281BFF7F00BF2F9C;
			remoteInfo = xibdemo;
		};
		A403D59E281BFF8000BF2F9C /* PBXContainerItemProxy */ = {
			isa = PBXContainerItemProxy;
			containerPortal = A403D56D281BFF7F00BF2F9C /* Project object */;
			proxyType = 1;
			remoteGlobalIDString = A403D574281BFF7F00BF2F9C;
			remoteInfo = xibdemo;
		};
/* End PBXContainerItemProxy section */

/* Begin PBXFileReference section */
		A403D575281BFF7F00BF2F9C /* xibdemo.app */ = {isa = PBXFileReference; explicitFileType = wrapper.application; includeInIndex = 0; path = xibdemo.app; sourceTree = BUILT_PRODUCTS_DIR; };
		A403D578281BFF7F00BF2F9C /* AppDelegate.h */ = {isa = PBXFileReference; lastKnownFileType = sourcecode.c.h; path = AppDelegate.h; sourceTree = "<group>"; };
		A403D579281BFF7F00BF2F9C /* AppDelegate.m */ = {isa = PBXFileReference; lastKnownFileType = sourcecode.c.objc; path = AppDelegate.m; sourceTree = "<group>"; };
		A403D57B281BFF7F00BF2F9C /* SceneDelegate.h */ = {isa = PBXFileReference; lastKnownFileType = sourcecode.c.h; path = SceneDelegate.h; sourceTree = "<group>"; };
		A403D57C281BFF7F00BF2F9C /* SceneDelegate.m */ = {isa = PBXFileReference; lastKnownFileType = sourcecode.c.objc; path = SceneDelegate.m; sourceTree = "<group>"; };
		A403D57E281BFF7F00BF2F9C /* ViewController.h */ = {isa = PBXFileReference; lastKnownFileType = sourcecode.c.h; path = ViewController.h; sourceTree = "<group>"; };
		A403D57F281BFF7F00BF2F9C /* ViewController.m */ = {isa = PBXFileReference; lastKnownFileType = sourcecode.c.objc; path = ViewController.m; sourceTree = "<group>"; };
		A403D582281BFF7F00BF2F9C /* Base */ = {isa = PBXFileReference; lastKnownFileType = file.storyboard; name = Base; path = Base.lproj/Main.storyboard; sourceTree = "<group>"; };
		A403D585281BFF7F00BF2F9C /* xibdemo.xcdatamodel */ = {isa = PBXFileReference; lastKnownFileType = wrapper.xcdatamodel; path = xibdemo.xcdatamodel; sourceTree = "<group>"; };
		A403D587281BFF8000BF2F9C /* Assets.xcassets */ = {isa = PBXFileReference; lastKnownFileType = folder.assetcatalog; path = Assets.xcassets; sourceTree = "<group>"; };
		A403D58A281BFF8000BF2F9C /* Base */ = {isa = PBXFileReference; lastKnownFileType = file.storyboard; name = Base; path = Base.lproj/LaunchScreen.storyboard; sourceTree = "<group>"; };
		A403D58C281BFF8000BF2F9C /* Info.plist */ = {isa = PBXFileReference; lastKnownFileType = text.plist.xml; path = Info.plist; sourceTree = "<group>"; };
		A403D58D281BFF8000BF2F9C /* main.m */ = {isa = PBXFileReference; lastKnownFileType = sourcecode.c.objc; path = main.m; sourceTree = "<group>"; };
		A403D593281BFF8000BF2F9C /* xibdemoTests.xctest */ = {isa = PBXFileReference; explicitFileType = wrapper.cfbundle; includeInIndex = 0; path = xibdemoTests.xctest; sourceTree = BUILT_PRODUCTS_DIR; };
		A403D597281BFF8000BF2F9C /* xibdemoTests.m */ = {isa = PBXFileReference; lastKnownFileType = sourcecode.c.objc; path = xibdemoTests.m; sourceTree = "<group>"; };
		A403D59D281BFF8000BF2F9C /* xibdemoUITests.xctest */ = {isa = PBXFileReference; explicitFileType = wrapper.cfbundle; includeInIndex = 0; path = xibdemoUITests.xctest; sourceTree = BUILT_PRODUCTS_DIR; };
		A403D5A1281BFF8000BF2F9C /* xibdemoUITests.m */ = {isa = PBXFileReference; lastKnownFileType = sourcecode.c.objc; path = xibdemoUITests.m; sourceTree = "<group>"; };
		A403D5A3281BFF8000BF2F9C /* xibdemoUITestsLaunchTests.m */ = {isa = PBXFileReference; lastKnownFileType = sourcecode.c.objc; path = xibdemoUITestsLaunchTests.m; sourceTree = "<group>"; };
		A403D5B0281C062600BF2F9C /* TestVc1.xib */ = {isa = PBXFileReference; lastKnownFileType = file.xib; path = TestVc1.xib; sourceTree = "<group>"; };
		A403D5B2281C063800BF2F9C /* TestVc1.h */ = {isa = PBXFileReference; lastKnownFileType = sourcecode.c.h; path = TestVc1.h; sourceTree = "<group>"; };
		A403D5B3281C063800BF2F9C /* TestVc1.m */ = {isa = PBXFileReference; lastKnownFileType = sourcecode.c.objc; path = TestVc1.m; sourceTree = "<group>"; };
		A403D5B5281C0C6E00BF2F9C /* TestVc2.h */ = {isa = PBXFileReference; lastKnownFileType = sourcecode.c.h; path = TestVc2.h; sourceTree = "<group>"; };
		A403D5B6281C0C6E00BF2F9C /* TestVc2.m */ = {isa = PBXFileReference; lastKnownFileType = sourcecode.c.objc; path = TestVc2.m; sourceTree = "<group>"; };
		A403D5B8281C0FB500BF2F9C /* TestVc3.h */ = {isa = PBXFileReference; lastKnownFileType = sourcecode.c.h; path = TestVc3.h; sourceTree = "<group>"; };
		A403D5B9281C0FB500BF2F9C /* TestVc3.m */ = {isa = PBXFileReference; lastKnownFileType = sourcecode.c.objc; path = TestVc3.m; sourceTree = "<group>"; };
/* End PBXFileReference section */

/* Begin PBXFrameworksBuildPhase section */
		A403D572281BFF7F00BF2F9C /* Frameworks */ = {
			isa = PBXFrameworksBuildPhase;
			buildActionMask = 2147483647;
			files = (
			);
			runOnlyForDeploymentPostprocessing = 0;
		};
		A403D590281BFF8000BF2F9C /* Frameworks */ = {
			isa = PBXFrameworksBuildPhase;
			buildActionMask = 2147483647;
			files = (
			);
			runOnlyForDeploymentPostprocessing = 0;
		};
		A403D59A281BFF8000BF2F9C /* Frameworks */ = {
			isa = PBXFrameworksBuildPhase;
			buildActionMask = 2147483647;
			files = (
			);
			runOnlyForDeploymentPostprocessing = 0;
		};
/* End PBXFrameworksBuildPhase section */

/* Begin PBXGroup section */
		A403D56C281BFF7F00BF2F9C = {
			isa = PBXGroup;
			children = (
				A403D577281BFF7F00BF2F9C /* xibdemo */,
				A403D596281BFF8000BF2F9C /* xibdemoTests */,
				A403D5A0281BFF8000BF2F9C /* xibdemoUITests */,
				A403D576281BFF7F00BF2F9C /* Products */,
			);
			sourceTree = "<group>";
		};
		A403D576281BFF7F00BF2F9C /* Products */ = {
			isa = PBXGroup;
			children = (
				A403D575281BFF7F00BF2F9C /* xibdemo.app */,
				A403D593281BFF8000BF2F9C /* xibdemoTests.xctest */,
				A403D59D281BFF8000BF2F9C /* xibdemoUITests.xctest */,
			);
			name = Products;
			sourceTree = "<group>";
		};
		A403D577281BFF7F00BF2F9C /* xibdemo */ = {
			isa = PBXGroup;
			children = (
				A403D578281BFF7F00BF2F9C /* AppDelegate.h */,
				A403D579281BFF7F00BF2F9C /* AppDelegate.m */,
				A403D57B281BFF7F00BF2F9C /* SceneDelegate.h */,
				A403D57C281BFF7F00BF2F9C /* SceneDelegate.m */,
				A403D57E281BFF7F00BF2F9C /* ViewController.h */,
				A403D57F281BFF7F00BF2F9C /* ViewController.m */,
				A403D581281BFF7F00BF2F9C /* Main.storyboard */,
				A403D587281BFF8000BF2F9C /* Assets.xcassets */,
				A403D589281BFF8000BF2F9C /* LaunchScreen.storyboard */,
				A403D58C281BFF8000BF2F9C /* Info.plist */,
				A403D58D281BFF8000BF2F9C /* main.m */,
				A403D584281BFF7F00BF2F9C /* xibdemo.xcdatamodeld */,
				A403D5B0281C062600BF2F9C /* TestVc1.xib */,
				A403D5B2281C063800BF2F9C /* TestVc1.h */,
				A403D5B3281C063800BF2F9C /* TestVc1.m */,
				A403D5B5281C0C6E00BF2F9C /* TestVc2.h */,
				A403D5B6281C0C6E00BF2F9C /* TestVc2.m */,
				A403D5B8281C0FB500BF2F9C /* TestVc3.h */,
				A403D5B9281C0FB500BF2F9C /* TestVc3.m */,
			);
			path = xibdemo;
			sourceTree = "<group>";
		};
		A403D596281BFF8000BF2F9C /* xibdemoTests */ = {
			isa = PBXGroup;
			children = (
				A403D597281BFF8000BF2F9C /* xibdemoTests.m */,
			);
			path = xibdemoTests;
			sourceTree = "<group>";
		};
		A403D5A0281BFF8000BF2F9C /* xibdemoUITests */ = {
			isa = PBXGroup;
			children = (
				A403D5A1281BFF8000BF2F9C /* xibdemoUITests.m */,
				A403D5A3281BFF8000BF2F9C /* xibdemoUITestsLaunchTests.m */,
			);
			path = xibdemoUITests;
			sourceTree = "<group>";
		};
/* End PBXGroup section */

/* Begin PBXNativeTarget section */
		A403D574281BFF7F00BF2F9C /* xibdemo */ = {
			isa = PBXNativeTarget;
			buildConfigurationList = A403D5A7281BFF8000BF2F9C /* Build configuration list for PBXNativeTarget "xibdemo" */;
			buildPhases = (
				A403D571281BFF7F00BF2F9C /* Sources */,
				A403D572281BFF7F00BF2F9C /* Frameworks */,
				A403D573281BFF7F00BF2F9C /* Resources */,
			);
			buildRules = (
			);
			dependencies = (
			);
			name = xibdemo;
			productName = xibdemo;
			productReference = A403D575281BFF7F00BF2F9C /* xibdemo.app */;
			productType = "com.apple.product-type.application";
		};
		A403D592281BFF8000BF2F9C /* xibdemoTests */ = {
			isa = PBXNativeTarget;
			buildConfigurationList = A403D5AA281BFF8000BF2F9C /* Build configuration list for PBXNativeTarget "xibdemoTests" */;
			buildPhases = (
				A403D58F281BFF8000BF2F9C /* Sources */,
				A403D590281BFF8000BF2F9C /* Frameworks */,
				A403D591281BFF8000BF2F9C /* Resources */,
			);
			buildRules = (
			);
			dependencies = (
				A403D595281BFF8000BF2F9C /* PBXTargetDependency */,
			);
			name = xibdemoTests;
			productName = xibdemoTests;
			productReference = A403D593281BFF8000BF2F9C /* xibdemoTests.xctest */;
			productType = "com.apple.product-type.bundle.unit-test";
		};
		A403D59C281BFF8000BF2F9C /* xibdemoUITests */ = {
			isa = PBXNativeTarget;
			buildConfigurationList = A403D5AD281BFF8000BF2F9C /* Build configuration list for PBXNativeTarget "xibdemoUITests" */;
			buildPhases = (
				A403D599281BFF8000BF2F9C /* Sources */,
				A403D59A281BFF8000BF2F9C /* Frameworks */,
				A403D59B281BFF8000BF2F9C /* Resources */,
			);
			buildRules = (
			);
			dependencies = (
				A403D59F281BFF8000BF2F9C /* PBXTargetDependency */,
			);
			name = xibdemoUITests;
			productName = xibdemoUITests;
			productReference = A403D59D281BFF8000BF2F9C /* xibdemoUITests.xctest */;
			productType = "com.apple.product-type.bundle.ui-testing";
		};
/* End PBXNativeTarget section */

/* Begin PBXProject section */
		A403D56D281BFF7F00BF2F9C /* Project object */ = {
			isa = PBXProject;
			attributes = {
				BuildIndependentTargetsInParallel = 1;
				LastUpgradeCheck = 1330;
				TargetAttributes = {
					A403D574281BFF7F00BF2F9C = {
						CreatedOnToolsVersion = 13.3.1;
					};
					A403D592281BFF8000BF2F9C = {
						CreatedOnToolsVersion = 13.3.1;
						TestTargetID = A403D574281BFF7F00BF2F9C;
					};
					A403D59C281BFF8000BF2F9C = {
						CreatedOnToolsVersion = 13.3.1;
						TestTargetID = A403D574281BFF7F00BF2F9C;
					};
				};
			};
			buildConfigurationList = A403D570281BFF7F00BF2F9C /* Build configuration list for PBXProject "xibdemo" */;
			compatibilityVersion = "Xcode 13.0";
			developmentRegion = en;
			hasScannedForEncodings = 0;
			knownRegions = (
				en,
				Base,
			);
			mainGroup = A403D56C281BFF7F00BF2F9C;
			productRefGroup = A403D576281BFF7F00BF2F9C /* Products */;
			projectDirPath = "";
			projectRoot = "";
			targets = (
				A403D574281BFF7F00BF2F9C /* xibdemo */,
				A403D592281BFF8000BF2F9C /* xibdemoTests */,
				A403D59C281BFF8000BF2F9C /* xibdemoUITests */,
			);
		};
/* End PBXProject section */

/* Begin PBXResourcesBuildPhase section */
		A403D573281BFF7F00BF2F9C /* Resources */ = {
			isa = PBXResourcesBuildPhase;
			buildActionMask = 2147483647;
			files = (
				A403D58B281BFF8000BF2F9C /* LaunchScreen.storyboard in Resources */,
				A403D588281BFF8000BF2F9C /* Assets.xcassets in Resources */,
				A403D5B1281C062600BF2F9C /* TestVc1.xib in Resources */,
				A403D583281BFF7F00BF2F9C /* Main.storyboard in Resources */,
			);
			runOnlyForDeploymentPostprocessing = 0;
		};
		A403D591281BFF8000BF2F9C /* Resources */ = {
			isa = PBXResourcesBuildPhase;
			buildActionMask = 2147483647;
			files = (
			);
			runOnlyForDeploymentPostprocessing = 0;
		};
		A403D59B281BFF8000BF2F9C /* Resources */ = {
			isa = PBXResourcesBuildPhase;
			buildActionMask = 2147483647;
			files = (
			);
			runOnlyForDeploymentPostprocessing = 0;
		};
/* End PBXResourcesBuildPhase section */

/* Begin PBXSourcesBuildPhase section */
		A403D571281BFF7F00BF2F9C /* Sources */ = {
			isa = PBXSourcesBuildPhase;
			buildActionMask = 2147483647;
			files = (
				A403D5BA281C0FB500BF2F9C /* TestVc3.m in Sources */,
				A403D5B4281C063800BF2F9C /* TestVc1.m in Sources */,
				A403D58E281BFF8000BF2F9C /* main.m in Sources */,
				A403D586281BFF7F00BF2F9C /* xibdemo.xcdatamodeld in Sources */,
				A403D580281BFF7F00BF2F9C /* ViewController.m in Sources */,
				A403D5B7281C0C6E00BF2F9C /* TestVc2.m in Sources */,
				A403D57A281BFF7F00BF2F9C /* AppDelegate.m in Sources */,
				A403D57D281BFF7F00BF2F9C /* SceneDelegate.m in Sources */,
			);
			runOnlyForDeploymentPostprocessing = 0;
		};
		A403D58F281BFF8000BF2F9C /* Sources */ = {
			isa = PBXSourcesBuildPhase;
			buildActionMask = 2147483647;
			files = (
				A403D598281BFF8000BF2F9C /* xibdemoTests.m in Sources */,
			);
			runOnlyForDeploymentPostprocessing = 0;
		};
		A403D599281BFF8000BF2F9C /* Sources */ = {
			isa = PBXSourcesBuildPhase;
			buildActionMask = 2147483647;
			files = (
				A403D5A2281BFF8000BF2F9C /* xibdemoUITests.m in Sources */,
				A403D5A4281BFF8000BF2F9C /* xibdemoUITestsLaunchTests.m in Sources */,
			);
			runOnlyForDeploymentPostprocessing = 0;
		};
/* End PBXSourcesBuildPhase section */

/* Begin PBXTargetDependency section */
		A403D595281BFF8000BF2F9C /* PBXTargetDependency */ = {
			isa = PBXTargetDependency;
			target = A403D574281BFF7F00BF2F9C /* xibdemo */;
			targetProxy = A403D594281BFF8000BF2F9C /* PBXContainerItemProxy */;
		};
		A403D59F281BFF8000BF2F9C /* PBXTargetDependency */ = {
			isa = PBXTargetDependency;
			target = A403D574281BFF7F00BF2F9C /* xibdemo */;
			targetProxy = A403D59E281BFF8000BF2F9C /* PBXContainerItemProxy */;
		};
/* End PBXTargetDependency section */

/* Begin PBXVariantGroup section */
		A403D581281BFF7F00BF2F9C /* Main.storyboard */ = {
			isa = PBXVariantGroup;
			children = (
				A403D582281BFF7F00BF2F9C /* Base */,
			);
			name = Main.storyboard;
			sourceTree = "<group>";
		};
		A403D589281BFF8000BF2F9C /* LaunchScreen.storyboard */ = {
			isa = PBXVariantGroup;
			children = (
				A403D58A281BFF8000BF2F9C /* Base */,
			);
			name = LaunchScreen.storyboard;
			sourceTree = "<group>";
		};
/* End PBXVariantGroup section */

/* Begin XCBuildConfiguration section */
		A403D5A5281BFF8000BF2F9C /* Debug */ = {
			isa = XCBuildConfiguration;
			buildSettings = {
				ALWAYS_SEARCH_USER_PATHS = NO;
				CLANG_ANALYZER_NONNULL = YES;
				CLANG_ANALYZER_NUMBER_OBJECT_CONVERSION = YES_AGGRESSIVE;
				CLANG_CXX_LANGUAGE_STANDARD = "gnu++17";
				CLANG_ENABLE_MODULES = YES;
				CLANG_ENABLE_OBJC_ARC = YES;
				CLANG_ENABLE_OBJC_WEAK = YES;
				CLANG_WARN_BLOCK_CAPTURE_AUTORELEASING = YES;
				CLANG_WARN_BOOL_CONVERSION = YES;
				CLANG_WARN_COMMA = YES;
				CLANG_WARN_CONSTANT_CONVERSION = YES;
				CLANG_WARN_DEPRECATED_OBJC_IMPLEMENTATIONS = YES;
				CLANG_WARN_DIRECT_OBJC_ISA_USAGE = YES_ERROR;
				CLANG_WARN_DOCUMENTATION_COMMENTS = YES;
				CLANG_WARN_EMPTY_BODY = YES;
				CLANG_WARN_ENUM_CONVERSION = YES;
				CLANG_WARN_INFINITE_RECURSION = YES;
				CLANG_WARN_INT_CONVERSION = YES;
				CLANG_WARN_NON_LITERAL_NULL_CONVERSION = YES;
				CLANG_WARN_OBJC_IMPLICIT_RETAIN_SELF = YES;
				CLANG_WARN_OBJC_LITERAL_CONVERSION = YES;
				CLANG_WARN_OBJC_ROOT_CLASS = YES_ERROR;
				CLANG_WARN_QUOTED_INCLUDE_IN_FRAMEWORK_HEADER = YES;
				CLANG_WARN_RANGE_LOOP_ANALYSIS = YES;
				CLANG_WARN_STRICT_PROTOTYPES = YES;
				CLANG_WARN_SUSPICIOUS_MOVE = YES;
				CLANG_WARN_UNGUARDED_AVAILABILITY = YES_AGGRESSIVE;
				CLANG_WARN_UNREACHABLE_CODE = YES;
				CLANG_WARN__DUPLICATE_METHOD_MATCH = YES;
				COPY_PHASE_STRIP = NO;
				DEBUG_INFORMATION_FORMAT = dwarf;
				ENABLE_STRICT_OBJC_MSGSEND = YES;
				ENABLE_TESTABILITY = YES;
				GCC_C_LANGUAGE_STANDARD = gnu11;
				GCC_DYNAMIC_NO_PIC = NO;
				GCC_NO_COMMON_BLOCKS = YES;
				GCC_OPTIMIZATION_LEVEL = 0;
				GCC_PREPROCESSOR_DEFINITIONS = (
					"DEBUG=1",
					"$(inherited)",
				);
				GCC_WARN_64_TO_32_BIT_CONVERSION = YES;
				GCC_WARN_ABOUT_RETURN_TYPE = YES_ERROR;
				GCC_WARN_UNDECLARED_SELECTOR = YES;
				GCC_WARN_UNINITIALIZED_AUTOS = YES_AGGRESSIVE;
				GCC_WARN_UNUSED_FUNCTION = YES;
				GCC_WARN_UNUSED_VARIABLE = YES;
				IPHONEOS_DEPLOYMENT_TARGET = 15.4;
				MTL_ENABLE_DEBUG_INFO = INCLUDE_SOURCE;
				MTL_FAST_MATH = YES;
				ONLY_ACTIVE_ARCH = YES;
				SDKROOT = iphoneos;
			};
			name = Debug;
		};
		A403D5A6281BFF8000BF2F9C /* Release */ = {
			isa = XCBuildConfiguration;
			buildSettings = {
				ALWAYS_SEARCH_USER_PATHS = NO;
				CLANG_ANALYZER_NONNULL = YES;
				CLANG_ANALYZER_NUMBER_OBJECT_CONVERSION = YES_AGGRESSIVE;
				CLANG_CXX_LANGUAGE_STANDARD = "gnu++17";
				CLANG_ENABLE_MODULES = YES;
				CLANG_ENABLE_OBJC_ARC = YES;
				CLANG_ENABLE_OBJC_WEAK = YES;
				CLANG_WARN_BLOCK_CAPTURE_AUTORELEASING = YES;
				CLANG_WARN_BOOL_CONVERSION = YES;
				CLANG_WARN_COMMA = YES;
				CLANG_WARN_CONSTANT_CONVERSION = YES;
				CLANG_WARN_DEPRECATED_OBJC_IMPLEMENTATIONS = YES;
				CLANG_WARN_DIRECT_OBJC_ISA_USAGE = YES_ERROR;
				CLANG_WARN_DOCUMENTATION_COMMENTS = YES;
				CLANG_WARN_EMPTY_BODY = YES;
				CLANG_WARN_ENUM_CONVERSION = YES;
				CLANG_WARN_INFINITE_RECURSION = YES;
				CLANG_WARN_INT_CONVERSION = YES;
				CLANG_WARN_NON_LITERAL_NULL_CONVERSION = YES;
				CLANG_WARN_OBJC_IMPLICIT_RETAIN_SELF = YES;
				CLANG_WARN_OBJC_LITERAL_CONVERSION = YES;
				CLANG_WARN_OBJC_ROOT_CLASS = YES_ERROR;
				CLANG_WARN_QUOTED_INCLUDE_IN_FRAMEWORK_HEADER = YES;
				CLANG_WARN_RANGE_LOOP_ANALYSIS = YES;
				CLANG_WARN_STRICT_PROTOTYPES = YES;
				CLANG_WARN_SUSPICIOUS_MOVE = YES;
				CLANG_WARN_UNGUARDED_AVAILABILITY = YES_AGGRESSIVE;
				CLANG_WARN_UNREACHABLE_CODE = YES;
				CLANG_WARN__DUPLICATE_METHOD_MATCH = YES;
				COPY_PHASE_STRIP = NO;
				DEBUG_INFORMATION_FORMAT = "dwarf-with-dsym";
				ENABLE_NS_ASSERTIONS = NO;
				ENABLE_STRICT_OBJC_MSGSEND = YES;
				GCC_C_LANGUAGE_STANDARD = gnu11;
				GCC_NO_COMMON_BLOCKS = YES;
				GCC_WARN_64_TO_32_BIT_CONVERSION = YES;
				GCC_WARN_ABOUT_RETURN_TYPE = YES_ERROR;
				GCC_WARN_UNDECLARED_SELECTOR = YES;
				GCC_WARN_UNINITIALIZED_AUTOS = YES_AGGRESSIVE;
				GCC_WARN_UNUSED_FUNCTION = YES;
				GCC_WARN_UNUSED_VARIABLE = YES;
				IPHONEOS_DEPLOYMENT_TARGET = 15.4;
				MTL_ENABLE_DEBUG_INFO = NO;
				MTL_FAST_MATH = YES;
				SDKROOT = iphoneos;
				VALIDATE_PRODUCT = YES;
			};
			name = Release;
		};
		A403D5A8281BFF8000BF2F9C /* Debug */ = {
			isa = XCBuildConfiguration;
			buildSettings = {
				ASSETCATALOG_COMPILER_APPICON_NAME = AppIcon;
				ASSETCATALOG_COMPILER_GLOBAL_ACCENT_COLOR_NAME = AccentColor;
				CODE_SIGN_STYLE = Automatic;
				CURRENT_PROJECT_VERSION = 1;
				DEVELOPMENT_TEAM = 75G4G5P64J;
				GENERATE_INFOPLIST_FILE = YES;
				INFOPLIST_FILE = xibdemo/Info.plist;
				INFOPLIST_KEY_UIApplicationSupportsIndirectInputEvents = YES;
				INFOPLIST_KEY_UILaunchStoryboardName = LaunchScreen;
				INFOPLIST_KEY_UIMainStoryboardFile = Main;
				INFOPLIST_KEY_UISupportedInterfaceOrientations_iPad = "UIInterfaceOrientationPortrait UIInterfaceOrientationPortraitUpsideDown UIInterfaceOrientationLandscapeLeft UIInterfaceOrientationLandscapeRight";
				INFOPLIST_KEY_UISupportedInterfaceOrientations_iPhone = "UIInterfaceOrientationPortrait UIInterfaceOrientationLandscapeLeft UIInterfaceOrientationLandscapeRight";
				LD_RUNPATH_SEARCH_PATHS = (
					"$(inherited)",
					"@executable_path/Frameworks",
				);
				MARKETING_VERSION = 1.0;
				PRODUCT_BUNDLE_IDENTIFIER = testOrg.xibdemo;
				PRODUCT_NAME = "$(TARGET_NAME)";
				SWIFT_EMIT_LOC_STRINGS = YES;
				TARGETED_DEVICE_FAMILY = "1,2";
			};
			name = Debug;
		};
		A403D5A9281BFF8000BF2F9C /* Release */ = {
			isa = XCBuildConfiguration;
			buildSettings = {
				ASSETCATALOG_COMPILER_APPICON_NAME = AppIcon;
				ASSETCATALOG_COMPILER_GLOBAL_ACCENT_COLOR_NAME = AccentColor;
				CODE_SIGN_STYLE = Automatic;
				CURRENT_PROJECT_VERSION = 1;
				DEVELOPMENT_TEAM = 75G4G5P64J;
				GENERATE_INFOPLIST_FILE = YES;
				INFOPLIST_FILE = xibdemo/Info.plist;
				INFOPLIST_KEY_UIApplicationSupportsIndirectInputEvents = YES;
				INFOPLIST_KEY_UILaunchStoryboardName = LaunchScreen;
				INFOPLIST_KEY_UIMainStoryboardFile = Main;
				INFOPLIST_KEY_UISupportedInterfaceOrientations_iPad = "UIInterfaceOrientationPortrait UIInterfaceOrientationPortraitUpsideDown UIInterfaceOrientationLandscapeLeft UIInterfaceOrientationLandscapeRight";
				INFOPLIST_KEY_UISupportedInterfaceOrientations_iPhone = "UIInterfaceOrientationPortrait UIInterfaceOrientationLandscapeLeft UIInterfaceOrientationLandscapeRight";
				LD_RUNPATH_SEARCH_PATHS = (
					"$(inherited)",
					"@executable_path/Frameworks",
				);
				MARKETING_VERSION = 1.0;
				PRODUCT_BUNDLE_IDENTIFIER = testOrg.xibdemo;
				PRODUCT_NAME = "$(TARGET_NAME)";
				SWIFT_EMIT_LOC_STRINGS = YES;
				TARGETED_DEVICE_FAMILY = "1,2";
			};
			name = Release;
		};
		A403D5AB281BFF8000BF2F9C /* Debug */ = {
			isa = XCBuildConfiguration;
			buildSettings = {
				BUNDLE_LOADER = "$(TEST_HOST)";
				CODE_SIGN_STYLE = Automatic;
				CURRENT_PROJECT_VERSION = 1;
				DEVELOPMENT_TEAM = 75G4G5P64J;
				GENERATE_INFOPLIST_FILE = YES;
				IPHONEOS_DEPLOYMENT_TARGET = 15.4;
				MARKETING_VERSION = 1.0;
				PRODUCT_BUNDLE_IDENTIFIER = testOrg.xibdemoTests;
				PRODUCT_NAME = "$(TARGET_NAME)";
				SWIFT_EMIT_LOC_STRINGS = NO;
				TARGETED_DEVICE_FAMILY = "1,2";
				TEST_HOST = "$(BUILT_PRODUCTS_DIR)/xibdemo.app/xibdemo";
			};
			name = Debug;
		};
		A403D5AC281BFF8000BF2F9C /* Release */ = {
			isa = XCBuildConfiguration;
			buildSettings = {
				BUNDLE_LOADER = "$(TEST_HOST)";
				CODE_SIGN_STYLE = Automatic;
				CURRENT_PROJECT_VERSION = 1;
				DEVELOPMENT_TEAM = 75G4G5P64J;
				GENERATE_INFOPLIST_FILE = YES;
				IPHONEOS_DEPLOYMENT_TARGET = 15.4;
				MARKETING_VERSION = 1.0;
				PRODUCT_BUNDLE_IDENTIFIER = testOrg.xibdemoTests;
				PRODUCT_NAME = "$(TARGET_NAME)";
				SWIFT_EMIT_LOC_STRINGS = NO;
				TARGETED_DEVICE_FAMILY = "1,2";
				TEST_HOST = "$(BUILT_PRODUCTS_DIR)/xibdemo.app/xibdemo";
			};
			name = Release;
		};
		A403D5AE281BFF8000BF2F9C /* Debug */ = {
			isa = XCBuildConfiguration;
			buildSettings = {
				CODE_SIGN_STYLE = Automatic;
				CURRENT_PROJECT_VERSION = 1;
				DEVELOPMENT_TEAM = 75G4G5P64J;
				GENERATE_INFOPLIST_FILE = YES;
				MARKETING_VERSION = 1.0;
				PRODUCT_BUNDLE_IDENTIFIER = testOrg.xibdemoUITests;
				PRODUCT_NAME = "$(TARGET_NAME)";
				SWIFT_EMIT_LOC_STRINGS = NO;
				TARGETED_DEVICE_FAMILY = "1,2";
				TEST_TARGET_NAME = xibdemo;
			};
			name = Debug;
		};
		A403D5AF281BFF8000BF2F9C /* Release */ = {
			isa = XCBuildConfiguration;
			buildSettings = {
				CODE_SIGN_STYLE = Automatic;
				CURRENT_PROJECT_VERSION = 1;
				DEVELOPMENT_TEAM = 75G4G5P64J;
				GENERATE_INFOPLIST_FILE = YES;
				MARKETING_VERSION = 1.0;
				PRODUCT_BUNDLE_IDENTIFIER = testOrg.xibdemoUITests;
				PRODUCT_NAME = "$(TARGET_NAME)";
				SWIFT_EMIT_LOC_STRINGS = NO;
				TARGETED_DEVICE_FAMILY = "1,2";
				TEST_TARGET_NAME = xibdemo;
			};
			name = Release;
		};
/* End XCBuildConfiguration section */

/* Begin XCConfigurationList section */
		A403D570281BFF7F00BF2F9C /* Build configuration list for PBXProject "xibdemo" */ = {
			isa = XCConfigurationList;
			buildConfigurations = (
				A403D5A5281BFF8000BF2F9C /* Debug */,
				A403D5A6281BFF8000BF2F9C /* Release */,
			);
			defaultConfigurationIsVisible = 0;
			defaultConfigurationName = Release;
		};
		A403D5A7281BFF8000BF2F9C /* Build configuration list for PBXNativeTarget "xibdemo" */ = {
			isa = XCConfigurationList;
			buildConfigurations = (
				A403D5A8281BFF8000BF2F9C /* Debug */,
				A403D5A9281BFF8000BF2F9C /* Release */,
			);
			defaultConfigurationIsVisible = 0;
			defaultConfigurationName = Release;
		};
		A403D5AA281BFF8000BF2F9C /* Build configuration list for PBXNativeTarget "xibdemoTests" */ = {
			isa = XCConfigurationList;
			buildConfigurations = (
				A403D5AB281BFF8000BF2F9C /* Debug */,
				A403D5AC281BFF8000BF2F9C /* Release */,
			);
			defaultConfigurationIsVisible = 0;
			defaultConfigurationName = Release;
		};
		A403D5AD281BFF8000BF2F9C /* Build configuration list for PBXNativeTarget "xibdemoUITests" */ = {
			isa = XCConfigurationList;
			buildConfigurations = (
				A403D5AE281BFF8000BF2F9C /* Debug */,
				A403D5AF281BFF8000BF2F9C /* Release */,
			);
			defaultConfigurationIsVisible = 0;
			defaultConfigurationName = Release;
		};
/* End XCConfigurationList section */

/* Begin XCVersionGroup section */
		A403D584281BFF7F00BF2F9C /* xibdemo.xcdatamodeld */ = {
			isa = XCVersionGroup;
			children = (
				A403D585281BFF7F00BF2F9C /* xibdemo.xcdatamodel */,
			);
			currentVersion = A403D585281BFF7F00BF2F9C /* xibdemo.xcdatamodel */;
			path = xibdemo.xcdatamodeld;
			sourceTree = "<group>";
			versionGroupType = wrapper.xcdatamodel;
		};
/* End XCVersionGroup section */
	};
	rootObject = A403D56D281BFF7F00BF2F9C /* Project object */;
}
